// !$*UTF8*$!
{
	archiveVersion = 1;
	classes = {
	};
	objectVersion = 50;
	objects = {

/* Begin PBXBuildFile section */
		0A2B6E7525A1BD23005C772D /* SpeechMultiChoiceQuestion.swift in Sources */ = {isa = PBXBuildFile; fileRef = 0A2B6E7425A1BD23005C772D /* SpeechMultiChoiceQuestion.swift */; };
		0A2B6E8F25A1C7F0005C772D /* AnswerChoice.swift in Sources */ = {isa = PBXBuildFile; fileRef = 0A2B6E8E25A1C7F0005C772D /* AnswerChoice.swift */; };
		0A3A89152946024E003116B0 /* SpeechController.swift in Sources */ = {isa = PBXBuildFile; fileRef = 0A3A89142946024E003116B0 /* SpeechController.swift */; };
		0A42FA7325A0D9ED000D45D9 /* SpeechMultiChoiceView.swift in Sources */ = {isa = PBXBuildFile; fileRef = 0A42FA7225A0D9ED000D45D9 /* SpeechMultiChoiceView.swift */; };
		0A7982BB25A0720B00B8E584 /* LearnHindiApp.swift in Sources */ = {isa = PBXBuildFile; fileRef = 0A7982BA25A0720B00B8E584 /* LearnHindiApp.swift */; };
		0A7982BD25A0720B00B8E584 /* QuestionsView.swift in Sources */ = {isa = PBXBuildFile; fileRef = 0A7982BC25A0720B00B8E584 /* QuestionsView.swift */; };
		0A7982BF25A0720C00B8E584 /* Assets.xcassets in Resources */ = {isa = PBXBuildFile; fileRef = 0A7982BE25A0720C00B8E584 /* Assets.xcassets */; };
		0A7982C225A0720C00B8E584 /* Preview Assets.xcassets in Resources */ = {isa = PBXBuildFile; fileRef = 0A7982C125A0720C00B8E584 /* Preview Assets.xcassets */; };
		0ABDE111294E49F900F159DA /* ResultView.swift in Sources */ = {isa = PBXBuildFile; fileRef = 0ABDE110294E49F900F159DA /* ResultView.swift */; };
		0ABDE113294E7A1200F159DA /* FinalView.swift in Sources */ = {isa = PBXBuildFile; fileRef = 0ABDE112294E7A1200F159DA /* FinalView.swift */; };
/* End PBXBuildFile section */

/* Begin PBXFileReference section */
		0A2B6E7425A1BD23005C772D /* SpeechMultiChoiceQuestion.swift */ = {isa = PBXFileReference; fileEncoding = 4; lastKnownFileType = sourcecode.swift; path = SpeechMultiChoiceQuestion.swift; sourceTree = "<group>"; };
		0A2B6E8E25A1C7F0005C772D /* AnswerChoice.swift */ = {isa = PBXFileReference; lastKnownFileType = sourcecode.swift; path = AnswerChoice.swift; sourceTree = "<group>"; };
		0A3A89142946024E003116B0 /* SpeechController.swift */ = {isa = PBXFileReference; lastKnownFileType = sourcecode.swift; path = SpeechController.swift; sourceTree = "<group>"; };
		0A42FA7225A0D9ED000D45D9 /* SpeechMultiChoiceView.swift */ = {isa = PBXFileReference; lastKnownFileType = sourcecode.swift; path = SpeechMultiChoiceView.swift; sourceTree = "<group>"; };
		0A7982B725A0720B00B8E584 /* LearnHindi.app */ = {isa = PBXFileReference; explicitFileType = wrapper.application; includeInIndex = 0; path = LearnHindi.app; sourceTree = BUILT_PRODUCTS_DIR; };
		0A7982BA25A0720B00B8E584 /* LearnHindiApp.swift */ = {isa = PBXFileReference; lastKnownFileType = sourcecode.swift; path = LearnHindiApp.swift; sourceTree = "<group>"; };
		0A7982BC25A0720B00B8E584 /* QuestionsView.swift */ = {isa = PBXFileReference; lastKnownFileType = sourcecode.swift; path = QuestionsView.swift; sourceTree = "<group>"; };
		0A7982BE25A0720C00B8E584 /* Assets.xcassets */ = {isa = PBXFileReference; lastKnownFileType = folder.assetcatalog; path = Assets.xcassets; sourceTree = "<group>"; };
		0A7982C125A0720C00B8E584 /* Preview Assets.xcassets */ = {isa = PBXFileReference; lastKnownFileType = folder.assetcatalog; path = "Preview Assets.xcassets"; sourceTree = "<group>"; };
		0A7982C325A0720C00B8E584 /* Info.plist */ = {isa = PBXFileReference; lastKnownFileType = text.plist.xml; path = Info.plist; sourceTree = "<group>"; };
		0ABDE110294E49F900F159DA /* ResultView.swift */ = {isa = PBXFileReference; lastKnownFileType = sourcecode.swift; path = ResultView.swift; sourceTree = "<group>"; };
		0ABDE112294E7A1200F159DA /* FinalView.swift */ = {isa = PBXFileReference; lastKnownFileType = sourcecode.swift; path = FinalView.swift; sourceTree = "<group>"; };
/* End PBXFileReference section */

/* Begin PBXFrameworksBuildPhase section */
		0A7982B425A0720B00B8E584 /* Frameworks */ = {
			isa = PBXFrameworksBuildPhase;
			buildActionMask = 2147483647;
			files = (
			);
			runOnlyForDeploymentPostprocessing = 0;
		};
/* End PBXFrameworksBuildPhase section */

/* Begin PBXGroup section */
		0A3A891329460215003116B0 /* Controllers */ = {
			isa = PBXGroup;
			children = (
				0A3A89142946024E003116B0 /* SpeechController.swift */,
			);
			path = Controllers;
			sourceTree = "<group>";
		};
		0A7982AE25A0720B00B8E584 = {
			isa = PBXGroup;
			children = (
				0A7982B925A0720B00B8E584 /* LearnHindi */,
				0A7982B825A0720B00B8E584 /* Products */,
			);
			indentWidth = 2;
			sourceTree = "<group>";
			tabWidth = 2;
		};
		0A7982B825A0720B00B8E584 /* Products */ = {
			isa = PBXGroup;
			children = (
				0A7982B725A0720B00B8E584 /* LearnHindi.app */,
			);
			name = Products;
			sourceTree = "<group>";
		};
		0A7982B925A0720B00B8E584 /* LearnHindi */ = {
			isa = PBXGroup;
			children = (
				0A7982BA25A0720B00B8E584 /* LearnHindiApp.swift */,
				0AB72D3325A1BB09002E99B8 /* Model */,
				0ACDCACC293D42A700988B7A /* Views */,
				0A3A891329460215003116B0 /* Controllers */,
				0A7982BE25A0720C00B8E584 /* Assets.xcassets */,
				0A7982C325A0720C00B8E584 /* Info.plist */,
				0A7982C025A0720C00B8E584 /* Preview Content */,
			);
			path = LearnHindi;
			sourceTree = "<group>";
		};
		0A7982C025A0720C00B8E584 /* Preview Content */ = {
			isa = PBXGroup;
			children = (
				0A7982C125A0720C00B8E584 /* Preview Assets.xcassets */,
			);
			path = "Preview Content";
			sourceTree = "<group>";
		};
		0AB72D3325A1BB09002E99B8 /* Model */ = {
			isa = PBXGroup;
			children = (
				0A2B6E7425A1BD23005C772D /* SpeechMultiChoiceQuestion.swift */,
				0A2B6E8E25A1C7F0005C772D /* AnswerChoice.swift */,
			);
			path = Model;
			sourceTree = "<group>";
		};
		0ACDCACC293D42A700988B7A /* Views */ = {
			isa = PBXGroup;
			children = (
				0A7982BC25A0720B00B8E584 /* QuestionsView.swift */,
				0A42FA7225A0D9ED000D45D9 /* SpeechMultiChoiceView.swift */,
				0ABDE110294E49F900F159DA /* ResultView.swift */,
				0ABDE112294E7A1200F159DA /* FinalView.swift */,
			);
			path = Views;
			sourceTree = "<group>";
		};
/* End PBXGroup section */

/* Begin PBXNativeTarget section */
		0A7982B625A0720B00B8E584 /* LearnHindi */ = {
			isa = PBXNativeTarget;
			buildConfigurationList = 0A7982C625A0720C00B8E584 /* Build configuration list for PBXNativeTarget "LearnHindi" */;
			buildPhases = (
				0A7982B325A0720B00B8E584 /* Sources */,
				0A7982B425A0720B00B8E584 /* Frameworks */,
				0A7982B525A0720B00B8E584 /* Resources */,
			);
			buildRules = (
			);
			dependencies = (
			);
			name = LearnHindi;
			productName = LearnHindi;
			productReference = 0A7982B725A0720B00B8E584 /* LearnHindi.app */;
			productType = "com.apple.product-type.application";
		};
/* End PBXNativeTarget section */

/* Begin PBXProject section */
		0A7982AF25A0720B00B8E584 /* Project object */ = {
			isa = PBXProject;
			attributes = {
				LastSwiftUpdateCheck = 1230;
				LastUpgradeCheck = 1230;
				TargetAttributes = {
					0A7982B625A0720B00B8E584 = {
						CreatedOnToolsVersion = 12.3;
					};
				};
			};
			buildConfigurationList = 0A7982B225A0720B00B8E584 /* Build configuration list for PBXProject "LearnHindi" */;
			compatibilityVersion = "Xcode 9.3";
			developmentRegion = en;
			hasScannedForEncodings = 0;
			knownRegions = (
				en,
				Base,
			);
			mainGroup = 0A7982AE25A0720B00B8E584;
			productRefGroup = 0A7982B825A0720B00B8E584 /* Products */;
			projectDirPath = "";
			projectRoot = "";
			targets = (
				0A7982B625A0720B00B8E584 /* LearnHindi */,
			);
		};
/* End PBXProject section */

/* Begin PBXResourcesBuildPhase section */
		0A7982B525A0720B00B8E584 /* Resources */ = {
			isa = PBXResourcesBuildPhase;
			buildActionMask = 2147483647;
			files = (
				0A7982C225A0720C00B8E584 /* Preview Assets.xcassets in Resources */,
				0A7982BF25A0720C00B8E584 /* Assets.xcassets in Resources */,
			);
			runOnlyForDeploymentPostprocessing = 0;
		};
/* End PBXResourcesBuildPhase section */

/* Begin PBXSourcesBuildPhase section */
		0A7982B325A0720B00B8E584 /* Sources */ = {
			isa = PBXSourcesBuildPhase;
			buildActionMask = 2147483647;
			files = (
				0A7982BD25A0720B00B8E584 /* QuestionsView.swift in Sources */,
				0A2B6E7525A1BD23005C772D /* SpeechMultiChoiceQuestion.swift in Sources */,
				0A42FA7325A0D9ED000D45D9 /* SpeechMultiChoiceView.swift in Sources */,
				0A7982BB25A0720B00B8E584 /* LearnHindiApp.swift in Sources */,
				0A2B6E8F25A1C7F0005C772D /* AnswerChoice.swift in Sources */,
				0ABDE111294E49F900F159DA /* ResultView.swift in Sources */,
				0A3A89152946024E003116B0 /* SpeechController.swift in Sources */,
				0ABDE113294E7A1200F159DA /* FinalView.swift in Sources */,
			);
			runOnlyForDeploymentPostprocessing = 0;
		};
/* End PBXSourcesBuildPhase section */

/* Begin XCBuildConfiguration section */
		0A7982C425A0720C00B8E584 /* Debug */ = {
			isa = XCBuildConfiguration;
			buildSettings = {
				ALWAYS_SEARCH_USER_PATHS = NO;
				CLANG_ANALYZER_NONNULL = YES;
				CLANG_ANALYZER_NUMBER_OBJECT_CONVERSION = YES_AGGRESSIVE;
				CLANG_CXX_LANGUAGE_STANDARD = "gnu++14";
				CLANG_CXX_LIBRARY = "libc++";
				CLANG_ENABLE_MODULES = YES;
				CLANG_ENABLE_OBJC_ARC = YES;
				CLANG_ENABLE_OBJC_WEAK = YES;
				CLANG_WARN_BLOCK_CAPTURE_AUTORELEASING = YES;
				CLANG_WARN_BOOL_CONVERSION = YES;
				CLANG_WARN_COMMA = YES;
				CLANG_WARN_CONSTANT_CONVERSION = YES;
				CLANG_WARN_DEPRECATED_OBJC_IMPLEMENTATIONS = YES;
				CLANG_WARN_DIRECT_OBJC_ISA_USAGE = YES_ERROR;
				CLANG_WARN_DOCUMENTATION_COMMENTS = YES;
				CLANG_WARN_EMPTY_BODY = YES;
				CLANG_WARN_ENUM_CONVERSION = YES;
				CLANG_WARN_INFINITE_RECURSION = YES;
				CLANG_WARN_INT_CONVERSION = YES;
				CLANG_WARN_NON_LITERAL_NULL_CONVERSION = YES;
				CLANG_WARN_OBJC_IMPLICIT_RETAIN_SELF = YES;
				CLANG_WARN_OBJC_LITERAL_CONVERSION = YES;
				CLANG_WARN_OBJC_ROOT_CLASS = YES_ERROR;
				CLANG_WARN_QUOTED_INCLUDE_IN_FRAMEWORK_HEADER = YES;
				CLANG_WARN_RANGE_LOOP_ANALYSIS = YES;
				CLANG_WARN_STRICT_PROTOTYPES = YES;
				CLANG_WARN_SUSPICIOUS_MOVE = YES;
				CLANG_WARN_UNGUARDED_AVAILABILITY = YES_AGGRESSIVE;
				CLANG_WARN_UNREACHABLE_CODE = YES;
				CLANG_WARN__DUPLICATE_METHOD_MATCH = YES;
				COPY_PHASE_STRIP = NO;
				DEBUG_INFORMATION_FORMAT = dwarf;
				ENABLE_STRICT_OBJC_MSGSEND = YES;
				ENABLE_TESTABILITY = YES;
				GCC_C_LANGUAGE_STANDARD = gnu11;
				GCC_DYNAMIC_NO_PIC = NO;
				GCC_NO_COMMON_BLOCKS = YES;
				GCC_OPTIMIZATION_LEVEL = 0;
				GCC_PREPROCESSOR_DEFINITIONS = (
					"DEBUG=1",
					"$(inherited)",
				);
				GCC_WARN_64_TO_32_BIT_CONVERSION = YES;
				GCC_WARN_ABOUT_RETURN_TYPE = YES_ERROR;
				GCC_WARN_UNDECLARED_SELECTOR = YES;
				GCC_WARN_UNINITIALIZED_AUTOS = YES_AGGRESSIVE;
				GCC_WARN_UNUSED_FUNCTION = YES;
				GCC_WARN_UNUSED_VARIABLE = YES;
				IPHONEOS_DEPLOYMENT_TARGET = 16.0;
				MTL_ENABLE_DEBUG_INFO = INCLUDE_SOURCE;
				MTL_FAST_MATH = YES;
				ONLY_ACTIVE_ARCH = YES;
				SDKROOT = iphoneos;
				SWIFT_ACTIVE_COMPILATION_CONDITIONS = DEBUG;
				SWIFT_OPTIMIZATION_LEVEL = "-Onone";
			};
			name = Debug;
		};
		0A7982C525A0720C00B8E584 /* Release */ = {
			isa = XCBuildConfiguration;
			buildSettings = {
				ALWAYS_SEARCH_USER_PATHS = NO;
				CLANG_ANALYZER_NONNULL = YES;
				CLANG_ANALYZER_NUMBER_OBJECT_CONVERSION = YES_AGGRESSIVE;
				CLANG_CXX_LANGUAGE_STANDARD = "gnu++14";
				CLANG_CXX_LIBRARY = "libc++";
				CLANG_ENABLE_MODULES = YES;
				CLANG_ENABLE_OBJC_ARC = YES;
				CLANG_ENABLE_OBJC_WEAK = YES;
				CLANG_WARN_BLOCK_CAPTURE_AUTORELEASING = YES;
				CLANG_WARN_BOOL_CONVERSION = YES;
				CLANG_WARN_COMMA = YES;
				CLANG_WARN_CONSTANT_CONVERSION = YES;
				CLANG_WARN_DEPRECATED_OBJC_IMPLEMENTATIONS = YES;
				CLANG_WARN_DIRECT_OBJC_ISA_USAGE = YES_ERROR;
				CLANG_WARN_DOCUMENTATION_COMMENTS = YES;
				CLANG_WARN_EMPTY_BODY = YES;
				CLANG_WARN_ENUM_CONVERSION = YES;
				CLANG_WARN_INFINITE_RECURSION = YES;
				CLANG_WARN_INT_CONVERSION = YES;
				CLANG_WARN_NON_LITERAL_NULL_CONVERSION = YES;
				CLANG_WARN_OBJC_IMPLICIT_RETAIN_SELF = YES;
				CLANG_WARN_OBJC_LITERAL_CONVERSION = YES;
				CLANG_WARN_OBJC_ROOT_CLASS = YES_ERROR;
				CLANG_WARN_QUOTED_INCLUDE_IN_FRAMEWORK_HEADER = YES;
				CLANG_WARN_RANGE_LOOP_ANALYSIS = YES;
				CLANG_WARN_STRICT_PROTOTYPES = YES;
				CLANG_WARN_SUSPICIOUS_MOVE = YES;
				CLANG_WARN_UNGUARDED_AVAILABILITY = YES_AGGRESSIVE;
				CLANG_WARN_UNREACHABLE_CODE = YES;
				CLANG_WARN__DUPLICATE_METHOD_MATCH = YES;
				COPY_PHASE_STRIP = NO;
				DEBUG_INFORMATION_FORMAT = "dwarf-with-dsym";
				ENABLE_NS_ASSERTIONS = NO;
				ENABLE_STRICT_OBJC_MSGSEND = YES;
				GCC_C_LANGUAGE_STANDARD = gnu11;
				GCC_NO_COMMON_BLOCKS = YES;
				GCC_WARN_64_TO_32_BIT_CONVERSION = YES;
				GCC_WARN_ABOUT_RETURN_TYPE = YES_ERROR;
				GCC_WARN_UNDECLARED_SELECTOR = YES;
				GCC_WARN_UNINITIALIZED_AUTOS = YES_AGGRESSIVE;
				GCC_WARN_UNUSED_FUNCTION = YES;
				GCC_WARN_UNUSED_VARIABLE = YES;
				IPHONEOS_DEPLOYMENT_TARGET = 16.0;
				MTL_ENABLE_DEBUG_INFO = NO;
				MTL_FAST_MATH = YES;
				SDKROOT = iphoneos;
				SWIFT_COMPILATION_MODE = wholemodule;
				SWIFT_OPTIMIZATION_LEVEL = "-O";
				VALIDATE_PRODUCT = YES;
			};
			name = Release;
		};
		0A7982C725A0720C00B8E584 /* Debug */ = {
			isa = XCBuildConfiguration;
			buildSettings = {
				ASSETCATALOG_COMPILER_APPICON_NAME = AppIcon;
				ASSETCATALOG_COMPILER_GLOBAL_ACCENT_COLOR_NAME = AccentColor;
				CODE_SIGN_STYLE = Automatic;
				DEVELOPMENT_ASSET_PATHS = "\"LearnHindi/Preview Content\"";
				DEVELOPMENT_TEAM = C3585HS6BZ;
				ENABLE_PREVIEWS = YES;
				INFOPLIST_FILE = LearnHindi/Info.plist;
				IPHONEOS_DEPLOYMENT_TARGET = 16.0;
				LD_RUNPATH_SEARCH_PATHS = (
					"$(inherited)",
					"@executable_path/Frameworks",
				);
				PRODUCT_BUNDLE_IDENTIFIER = com.chiraggupta.LearnHindi;
				PRODUCT_NAME = "$(TARGET_NAME)";
				SWIFT_VERSION = 5.0;
				TARGETED_DEVICE_FAMILY = "1,2";
			};
			name = Debug;
		};
		0A7982C825A0720C00B8E584 /* Release */ = {
			isa = XCBuildConfiguration;
			buildSettings = {
				ASSETCATALOG_COMPILER_APPICON_NAME = AppIcon;
				ASSETCATALOG_COMPILER_GLOBAL_ACCENT_COLOR_NAME = AccentColor;
				CODE_SIGN_STYLE = Automatic;
				DEVELOPMENT_ASSET_PATHS = "\"LearnHindi/Preview Content\"";
				DEVELOPMENT_TEAM = C3585HS6BZ;
				ENABLE_PREVIEWS = YES;
				INFOPLIST_FILE = LearnHindi/Info.plist;
				IPHONEOS_DEPLOYMENT_TARGET = 16.0;
				LD_RUNPATH_SEARCH_PATHS = (
					"$(inherited)",
					"@executable_path/Frameworks",
				);
				PRODUCT_BUNDLE_IDENTIFIER = com.chiraggupta.LearnHindi;
				PRODUCT_NAME = "$(TARGET_NAME)";
				SWIFT_VERSION = 5.0;
				TARGETED_DEVICE_FAMILY = "1,2";
			};
			name = Release;
		};
/* End XCBuildConfiguration section */

/* Begin XCConfigurationList section */
		0A7982B225A0720B00B8E584 /* Build configuration list for PBXProject "LearnHindi" */ = {
			isa = XCConfigurationList;
			buildConfigurations = (
				0A7982C425A0720C00B8E584 /* Debug */,
				0A7982C525A0720C00B8E584 /* Release */,
			);
			defaultConfigurationIsVisible = 0;
			defaultConfigurationName = Release;
		};
		0A7982C625A0720C00B8E584 /* Build configuration list for PBXNativeTarget "LearnHindi" */ = {
			isa = XCConfigurationList;
			buildConfigurations = (
				0A7982C725A0720C00B8E584 /* Debug */,
				0A7982C825A0720C00B8E584 /* Release */,
			);
			defaultConfigurationIsVisible = 0;
			defaultConfigurationName = Release;
		};
/* End XCConfigurationList section */
	};
	rootObject = 0A7982AF25A0720B00B8E584 /* Project object */;
}
